
Microsoft Visual Studio Solution File, Format Version 12.00
Project("{FAE04EC0-301F-11D3-BF4B-00C04F79EFBC}") = "Practice_9", "Practice_9.csproj", "{97224C63-A9D6-40F9-8D71-704E45AFBEF6}"
EndProject
Global
	GlobalSection(SolutionConfigurationPlatforms) = preSolution
		Debug|Any CPU = Debug|Any CPU
		Release|Any CPU = Release|Any CPU
	EndGlobalSection
	GlobalSection(ProjectConfigurationPlatforms) = postSolution
		{97224C63-A9D6-40F9-8D71-704E45AFBEF6}.Debug|Any CPU.ActiveCfg = Debug|Any CPU
		{97224C63-A9D6-40F9-8D71-704E45AFBEF6}.Debug|Any CPU.Build.0 = Debug|Any CPU
		{97224C63-A9D6-40F9-8D71-704E45AFBEF6}.Release|Any CPU.ActiveCfg = Release|Any CPU
		{97224C63-A9D6-40F9-8D71-704E45AFBEF6}.Release|Any CPU.Build.0 = Release|Any CPU
	EndGlobalSection
EndGlobal
