
Microsoft Visual Studio Solution File, Format Version 12.00
Project("{FAE04EC0-301F-11D3-BF4B-00C04F79EFBC}") = "Practice_32", "Practice_32.csproj", "{08489F74-032C-4D90-AA99-9DEA58C4C397}"
EndProject
Global
	GlobalSection(SolutionConfigurationPlatforms) = preSolution
		Debug|Any CPU = Debug|Any CPU
		Release|Any CPU = Release|Any CPU
	EndGlobalSection
	GlobalSection(ProjectConfigurationPlatforms) = postSolution
		{08489F74-032C-4D90-AA99-9DEA58C4C397}.Debug|Any CPU.ActiveCfg = Debug|Any CPU
		{08489F74-032C-4D90-AA99-9DEA58C4C397}.Debug|Any CPU.Build.0 = Debug|Any CPU
		{08489F74-032C-4D90-AA99-9DEA58C4C397}.Release|Any CPU.ActiveCfg = Release|Any CPU
		{08489F74-032C-4D90-AA99-9DEA58C4C397}.Release|Any CPU.Build.0 = Release|Any CPU
	EndGlobalSection
EndGlobal
