
Microsoft Visual Studio Solution File, Format Version 12.00
Project("{FAE04EC0-301F-11D3-BF4B-00C04F79EFBC}") = "Practice_3", "Practice_3.csproj", "{11BD7AE8-EE7D-4178-89BB-EF03457DF3E5}"
EndProject
Global
	GlobalSection(SolutionConfigurationPlatforms) = preSolution
		Debug|Any CPU = Debug|Any CPU
		Release|Any CPU = Release|Any CPU
	EndGlobalSection
	GlobalSection(ProjectConfigurationPlatforms) = postSolution
		{11BD7AE8-EE7D-4178-89BB-EF03457DF3E5}.Debug|Any CPU.ActiveCfg = Debug|Any CPU
		{11BD7AE8-EE7D-4178-89BB-EF03457DF3E5}.Debug|Any CPU.Build.0 = Debug|Any CPU
		{11BD7AE8-EE7D-4178-89BB-EF03457DF3E5}.Release|Any CPU.ActiveCfg = Release|Any CPU
		{11BD7AE8-EE7D-4178-89BB-EF03457DF3E5}.Release|Any CPU.Build.0 = Release|Any CPU
	EndGlobalSection
EndGlobal
