
Microsoft Visual Studio Solution File, Format Version 12.00
Project("{FAE04EC0-301F-11D3-BF4B-00C04F79EFBC}") = "Practice_34", "Practice_34.csproj", "{6396B051-78F0-494C-BEE5-87A6BC2E940C}"
EndProject
Global
	GlobalSection(SolutionConfigurationPlatforms) = preSolution
		Debug|Any CPU = Debug|Any CPU
		Release|Any CPU = Release|Any CPU
	EndGlobalSection
	GlobalSection(ProjectConfigurationPlatforms) = postSolution
		{6396B051-78F0-494C-BEE5-87A6BC2E940C}.Debug|Any CPU.ActiveCfg = Debug|Any CPU
		{6396B051-78F0-494C-BEE5-87A6BC2E940C}.Debug|Any CPU.Build.0 = Debug|Any CPU
		{6396B051-78F0-494C-BEE5-87A6BC2E940C}.Release|Any CPU.ActiveCfg = Release|Any CPU
		{6396B051-78F0-494C-BEE5-87A6BC2E940C}.Release|Any CPU.Build.0 = Release|Any CPU
	EndGlobalSection
EndGlobal
