
Microsoft Visual Studio Solution File, Format Version 12.00
Project("{FAE04EC0-301F-11D3-BF4B-00C04F79EFBC}") = "Practice_38", "Practice_38.csproj", "{AFD59909-29F3-4DF4-B9DF-E93F209E83D0}"
EndProject
Global
	GlobalSection(SolutionConfigurationPlatforms) = preSolution
		Debug|Any CPU = Debug|Any CPU
		Release|Any CPU = Release|Any CPU
	EndGlobalSection
	GlobalSection(ProjectConfigurationPlatforms) = postSolution
		{AFD59909-29F3-4DF4-B9DF-E93F209E83D0}.Debug|Any CPU.ActiveCfg = Debug|Any CPU
		{AFD59909-29F3-4DF4-B9DF-E93F209E83D0}.Debug|Any CPU.Build.0 = Debug|Any CPU
		{AFD59909-29F3-4DF4-B9DF-E93F209E83D0}.Release|Any CPU.ActiveCfg = Release|Any CPU
		{AFD59909-29F3-4DF4-B9DF-E93F209E83D0}.Release|Any CPU.Build.0 = Release|Any CPU
	EndGlobalSection
EndGlobal
